<?xml version="1.0" encoding="utf-8"?>
<Project ToolsVersion="4.0" xmlns="http://schemas.microsoft.com/developer/msbuild/2003">
  <ItemGroup>
    <Filter Include="Source Files">
      <UniqueIdentifier>{4FC737F1-C7A5-4376-A066-2A32D752A2FF}</UniqueIdentifier>
      <Extensions>cpp;c;cc;cxx;def;odl;idl;hpj;bat;asm;asmx</Extensions>
    </Filter>
    <Filter Include="Header Files">
      <UniqueIdentifier>{93995380-89BD-4b04-88EB-625FBE52EBFB}</UniqueIdentifier>
      <Extensions>h;hpp;hxx;hm;inl;inc;xsd</Extensions>
    </Filter>
    <Filter Include="Resource Files">
      <UniqueIdentifier>{67DA6AB6-F800-4c08-8B7A-83BB121AAD01}</UniqueIdentifier>
      <Extensions>rc;ico;cur;bmp;dlg;rc2;rct;bin;rgs;gif;jpg;jpeg;jpe;resx;tiff;tif;png;wav;mfcribbon-ms</Extensions>
    </Filter>
  </ItemGroup>
  <ItemGroup>
    <ClInclude Include="Store.h">
      <Filter>Header Files</Filter>
    </ClInclude>
    <ClInclude Include="Transaction.h">
      <Filter>Header Files</Filter>
    </ClInclude>
    <ClInclude Include="Inventory.h">
      <Filter>Header Files</Filter>
    </ClInclude>
    <ClInclude Include="BSTree.h">
      <Filter>Header Files</Filter>
    </ClInclude>
    <ClInclude Include="Customer.h">
      <Filter>Header Files</Filter>
    </ClInclude>
    <ClInclude Include="Item.h">
      <Filter>Header Files</Filter>
    </ClInclude>
    <ClInclude Include="DVD.h">
      <Filter>Header Files</Filter>
    </ClInclude>
    <ClInclude Include="RockCD.h">
      <Filter>Header Files</Filter>
    </ClInclude>
    <ClInclude Include="ClassicalCD.h">
      <Filter>Header Files</Filter>
    </ClInclude>
    <ClInclude Include="Purchase.h">
      <Filter>Header Files</Filter>
    </ClInclude>
    <ClInclude Include="TradeIn.h">
      <Filter>Header Files</Filter>
    </ClInclude>
    <ClInclude Include="Display.h">
      <Filter>Header Files</Filter>
    </ClInclude>
    <ClInclude Include="History.h">
      <Filter>Header Files</Filter>
    </ClInclude>
    <ClInclude Include="HistoryAll.h">
      <Filter>Header Files</Filter>
    </ClInclude>
    <ClInclude Include="CD.h">
      <Filter>Header Files</Filter>
    </ClInclude>
    <ClInclude Include="Disc.h">
      <Filter>Header Files</Filter>
    </ClInclude>
    <ClInclude Include="TreeData.h">
      <Filter>Header Files</Filter>
    </ClInclude>
    <ClInclude Include="Barter.h">
      <Filter>Header Files</Filter>
    </ClInclude>
  </ItemGroup>
  <ItemGroup>
    <ClCompile Include="Store.cpp">
      <Filter>Source Files</Filter>
    </ClCompile>
    <ClCompile Include="Transaction.cpp">
      <Filter>Source Files</Filter>
    </ClCompile>
    <ClCompile Include="Inventory.cpp">
      <Filter>Source Files</Filter>
    </ClCompile>
    <ClCompile Include="BSTree.cpp">
      <Filter>Source Files</Filter>
    </ClCompile>
    <ClCompile Include="Customer.cpp">
      <Filter>Source Files</Filter>
    </ClCompile>
    <ClCompile Include="Item.cpp">
      <Filter>Source Files</Filter>
    </ClCompile>
    <ClCompile Include="DVD.cpp">
      <Filter>Source Files</Filter>
    </ClCompile>
    <ClCompile Include="RockCD.cpp">
      <Filter>Source Files</Filter>
    </ClCompile>
    <ClCompile Include="ClassicalCD.cpp">
      <Filter>Source Files</Filter>
    </ClCompile>
    <ClCompile Include="Purchase.cpp">
      <Filter>Source Files</Filter>
    </ClCompile>
    <ClCompile Include="TradeIn.cpp">
      <Filter>Source Files</Filter>
    </ClCompile>
    <ClCompile Include="Display.cpp">
      <Filter>Source Files</Filter>
    </ClCompile>
    <ClCompile Include="History.cpp">
      <Filter>Source Files</Filter>
    </ClCompile>
    <ClCompile Include="HistoryAll.cpp">
      <Filter>Source Files</Filter>
    </ClCompile>
    <ClCompile Include="CD.cpp">
      <Filter>Source Files</Filter>
    </ClCompile>
    <ClCompile Include="Disc.cpp">
      <Filter>Source Files</Filter>
    </ClCompile>
    <ClCompile Include="Manager.cpp">
      <Filter>Source Files</Filter>
    </ClCompile>
    <ClCompile Include="TreeData.cpp">
      <Filter>Source Files</Filter>
    </ClCompile>
    <ClCompile Include="Barter.cpp">
      <Filter>Source Files</Filter>
    </ClCompile>
  </ItemGroup>
  <ItemGroup>
    <Text Include="HW4Customers.txt" />
    <Text Include="HW4Inventory.txt" />
    <Text Include="HW4Transactions.txt" />
  </ItemGroup>
</Project>